// !$*UTF8*$!
{
	archiveVersion = 1;
	classes = {
	};
	objectVersion = 50;
	objects = {

/* Begin PBXBuildFile section */
		B593740623D6B603001B24B8 /* AppDelegate.swift in Sources */ = {isa = PBXBuildFile; fileRef = B593740523D6B603001B24B8 /* AppDelegate.swift */; };
		B593740823D6B603001B24B8 /* SceneDelegate.swift in Sources */ = {isa = PBXBuildFile; fileRef = B593740723D6B603001B24B8 /* SceneDelegate.swift */; };
		B593740A23D6B603001B24B8 /* ViewController.swift in Sources */ = {isa = PBXBuildFile; fileRef = B593740923D6B603001B24B8 /* ViewController.swift */; };
		B593740D23D6B603001B24B8 /* Main.storyboard in Resources */ = {isa = PBXBuildFile; fileRef = B593740B23D6B603001B24B8 /* Main.storyboard */; };
		B593740F23D6B604001B24B8 /* Assets.xcassets in Resources */ = {isa = PBXBuildFile; fileRef = B593740E23D6B604001B24B8 /* Assets.xcassets */; };
		B593741223D6B604001B24B8 /* LaunchScreen.storyboard in Resources */ = {isa = PBXBuildFile; fileRef = B593741023D6B604001B24B8 /* LaunchScreen.storyboard */; };
		B593741B23D6B7EB001B24B8 /* TableViewController.swift in Sources */ = {isa = PBXBuildFile; fileRef = B593741A23D6B7EB001B24B8 /* TableViewController.swift */; };
		B593741E23D6B836001B24B8 /* Account.swift in Sources */ = {isa = PBXBuildFile; fileRef = B593741D23D6B836001B24B8 /* Account.swift */; };
		B593742023D6BA32001B24B8 /* TableViewCell.swift in Sources */ = {isa = PBXBuildFile; fileRef = B593741F23D6BA32001B24B8 /* TableViewCell.swift */; };
/* End PBXBuildFile section */

/* Begin PBXFileReference section */
		B593740223D6B603001B24B8 /* testTableNew.app */ = {isa = PBXFileReference; explicitFileType = wrapper.application; includeInIndex = 0; path = testTableNew.app; sourceTree = BUILT_PRODUCTS_DIR; };
		B593740523D6B603001B24B8 /* AppDelegate.swift */ = {isa = PBXFileReference; lastKnownFileType = sourcecode.swift; path = AppDelegate.swift; sourceTree = "<group>"; };
		B593740723D6B603001B24B8 /* SceneDelegate.swift */ = {isa = PBXFileReference; lastKnownFileType = sourcecode.swift; path = SceneDelegate.swift; sourceTree = "<group>"; };
		B593740923D6B603001B24B8 /* ViewController.swift */ = {isa = PBXFileReference; lastKnownFileType = sourcecode.swift; path = ViewController.swift; sourceTree = "<group>"; };
		B593740C23D6B603001B24B8 /* Base */ = {isa = PBXFileReference; lastKnownFileType = file.storyboard; name = Base; path = Base.lproj/Main.storyboard; sourceTree = "<group>"; };
		B593740E23D6B604001B24B8 /* Assets.xcassets */ = {isa = PBXFileReference; lastKnownFileType = folder.assetcatalog; path = Assets.xcassets; sourceTree = "<group>"; };
		B593741123D6B604001B24B8 /* Base */ = {isa = PBXFileReference; lastKnownFileType = file.storyboard; name = Base; path = Base.lproj/LaunchScreen.storyboard; sourceTree = "<group>"; };
		B593741323D6B604001B24B8 /* Info.plist */ = {isa = PBXFileReference; lastKnownFileType = text.plist.xml; path = Info.plist; sourceTree = "<group>"; };
		B593741A23D6B7EB001B24B8 /* TableViewController.swift */ = {isa = PBXFileReference; lastKnownFileType = sourcecode.swift; path = TableViewController.swift; sourceTree = "<group>"; };
		B593741D23D6B836001B24B8 /* Account.swift */ = {isa = PBXFileReference; lastKnownFileType = sourcecode.swift; path = Account.swift; sourceTree = "<group>"; };
		B593741F23D6BA32001B24B8 /* TableViewCell.swift */ = {isa = PBXFileReference; lastKnownFileType = sourcecode.swift; path = TableViewCell.swift; sourceTree = "<group>"; };
/* End PBXFileReference section */

/* Begin PBXFrameworksBuildPhase section */
		B59373FF23D6B603001B24B8 /* Frameworks */ = {
			isa = PBXFrameworksBuildPhase;
			buildActionMask = 2147483647;
			files = (
			);
			runOnlyForDeploymentPostprocessing = 0;
		};
/* End PBXFrameworksBuildPhase section */

/* Begin PBXGroup section */
		B53E4AF223D714B9000AC368 /* ViewController */ = {
			isa = PBXGroup;
			children = (
				B593740923D6B603001B24B8 /* ViewController.swift */,
			);
			path = ViewController;
			sourceTree = "<group>";
		};
		B53E4AF323D714D3000AC368 /* Component */ = {
			isa = PBXGroup;
			children = (
				B593741F23D6BA32001B24B8 /* TableViewCell.swift */,
			);
			path = Component;
			sourceTree = "<group>";
		};
		B53E4AF423D714E7000AC368 /* TableViewConTroller */ = {
			isa = PBXGroup;
			children = (
				B593741A23D6B7EB001B24B8 /* TableViewController.swift */,
			);
			path = TableViewConTroller;
			sourceTree = "<group>";
		};
		B59373F923D6B603001B24B8 = {
			isa = PBXGroup;
			children = (
				B593740423D6B603001B24B8 /* testTableNew */,
				B593740323D6B603001B24B8 /* Products */,
			);
			sourceTree = "<group>";
		};
		B593740323D6B603001B24B8 /* Products */ = {
			isa = PBXGroup;
			children = (
				B593740223D6B603001B24B8 /* testTableNew.app */,
			);
			name = Products;
			sourceTree = "<group>";
		};
		B593740423D6B603001B24B8 /* testTableNew */ = {
			isa = PBXGroup;
			children = (
				B593741C23D6B7FF001B24B8 /* Model */,
				B593741923D6B67F001B24B8 /* Controller */,
				B593740523D6B603001B24B8 /* AppDelegate.swift */,
				B593740723D6B603001B24B8 /* SceneDelegate.swift */,
				B593740B23D6B603001B24B8 /* Main.storyboard */,
				B593740E23D6B604001B24B8 /* Assets.xcassets */,
				B593741023D6B604001B24B8 /* LaunchScreen.storyboard */,
				B593741323D6B604001B24B8 /* Info.plist */,
			);
			path = testTableNew;
			sourceTree = "<group>";
		};
		B593741923D6B67F001B24B8 /* Controller */ = {
			isa = PBXGroup;
			children = (
				B53E4AF423D714E7000AC368 /* TableViewConTroller */,
				B53E4AF323D714D3000AC368 /* Component */,
				B53E4AF223D714B9000AC368 /* ViewController */,
			);
			path = Controller;
			sourceTree = "<group>";
		};
		B593741C23D6B7FF001B24B8 /* Model */ = {
			isa = PBXGroup;
			children = (
				B593741D23D6B836001B24B8 /* Account.swift */,
			);
			path = Model;
			sourceTree = "<group>";
		};
/* End PBXGroup section */

/* Begin PBXNativeTarget section */
		B593740123D6B603001B24B8 /* testTableNew */ = {
			isa = PBXNativeTarget;
			buildConfigurationList = B593741623D6B604001B24B8 /* Build configuration list for PBXNativeTarget "testTableNew" */;
			buildPhases = (
				B59373FE23D6B603001B24B8 /* Sources */,
				B59373FF23D6B603001B24B8 /* Frameworks */,
				B593740023D6B603001B24B8 /* Resources */,
			);
			buildRules = (
			);
			dependencies = (
			);
			name = testTableNew;
			productName = testTableNew;
			productReference = B593740223D6B603001B24B8 /* testTableNew.app */;
			productType = "com.apple.product-type.application";
		};
/* End PBXNativeTarget section */

/* Begin PBXProject section */
		B59373FA23D6B603001B24B8 /* Project object */ = {
			isa = PBXProject;
			attributes = {
				LastSwiftUpdateCheck = 1130;
				LastUpgradeCheck = 1130;
				ORGANIZATIONNAME = "Advanced Research Group";
				TargetAttributes = {
					B593740123D6B603001B24B8 = {
						CreatedOnToolsVersion = 11.3.1;
					};
				};
			};
			buildConfigurationList = B59373FD23D6B603001B24B8 /* Build configuration list for PBXProject "testTableNew" */;
			compatibilityVersion = "Xcode 9.3";
			developmentRegion = en;
			hasScannedForEncodings = 0;
			knownRegions = (
				en,
				Base,
			);
			mainGroup = B59373F923D6B603001B24B8;
			productRefGroup = B593740323D6B603001B24B8 /* Products */;
			projectDirPath = "";
			projectRoot = "";
			targets = (
				B593740123D6B603001B24B8 /* testTableNew */,
			);
		};
/* End PBXProject section */

/* Begin PBXResourcesBuildPhase section */
		B593740023D6B603001B24B8 /* Resources */ = {
			isa = PBXResourcesBuildPhase;
			buildActionMask = 2147483647;
			files = (
				B593741223D6B604001B24B8 /* LaunchScreen.storyboard in Resources */,
				B593740F23D6B604001B24B8 /* Assets.xcassets in Resources */,
				B593740D23D6B603001B24B8 /* Main.storyboard in Resources */,
			);
			runOnlyForDeploymentPostprocessing = 0;
		};
/* End PBXResourcesBuildPhase section */

/* Begin PBXSourcesBuildPhase section */
		B59373FE23D6B603001B24B8 /* Sources */ = {
			isa = PBXSourcesBuildPhase;
			buildActionMask = 2147483647;
			files = (
				B593741E23D6B836001B24B8 /* Account.swift in Sources */,
				B593740A23D6B603001B24B8 /* ViewController.swift in Sources */,
				B593740623D6B603001B24B8 /* AppDelegate.swift in Sources */,
				B593742023D6BA32001B24B8 /* TableViewCell.swift in Sources */,
				B593740823D6B603001B24B8 /* SceneDelegate.swift in Sources */,
				B593741B23D6B7EB001B24B8 /* TableViewController.swift in Sources */,
			);
			runOnlyForDeploymentPostprocessing = 0;
		};
/* End PBXSourcesBuildPhase section */

/* Begin PBXVariantGroup section */
		B593740B23D6B603001B24B8 /* Main.storyboard */ = {
			isa = PBXVariantGroup;
			children = (
				B593740C23D6B603001B24B8 /* Base */,
			);
			name = Main.storyboard;
			sourceTree = "<group>";
		};
		B593741023D6B604001B24B8 /* LaunchScreen.storyboard */ = {
			isa = PBXVariantGroup;
			children = (
				B593741123D6B604001B24B8 /* Base */,
			);
			name = LaunchScreen.storyboard;
			sourceTree = "<group>";
		};
/* End PBXVariantGroup section */

/* Begin XCBuildConfiguration section */
		B593741423D6B604001B24B8 /* Debug */ = {
			isa = XCBuildConfiguration;
			buildSettings = {
				ALWAYS_SEARCH_USER_PATHS = NO;
				CLANG_ANALYZER_NONNULL = YES;
				CLANG_ANALYZER_NUMBER_OBJECT_CONVERSION = YES_AGGRESSIVE;
				CLANG_CXX_LANGUAGE_STANDARD = "gnu++14";
				CLANG_CXX_LIBRARY = "libc++";
				CLANG_ENABLE_MODULES = YES;
				CLANG_ENABLE_OBJC_ARC = YES;
				CLANG_ENABLE_OBJC_WEAK = YES;
				CLANG_WARN_BLOCK_CAPTURE_AUTORELEASING = YES;
				CLANG_WARN_BOOL_CONVERSION = YES;
				CLANG_WARN_COMMA = YES;
				CLANG_WARN_CONSTANT_CONVERSION = YES;
				CLANG_WARN_DEPRECATED_OBJC_IMPLEMENTATIONS = YES;
				CLANG_WARN_DIRECT_OBJC_ISA_USAGE = YES_ERROR;
				CLANG_WARN_DOCUMENTATION_COMMENTS = YES;
				CLANG_WARN_EMPTY_BODY = YES;
				CLANG_WARN_ENUM_CONVERSION = YES;
				CLANG_WARN_INFINITE_RECURSION = YES;
				CLANG_WARN_INT_CONVERSION = YES;
				CLANG_WARN_NON_LITERAL_NULL_CONVERSION = YES;
				CLANG_WARN_OBJC_IMPLICIT_RETAIN_SELF = YES;
				CLANG_WARN_OBJC_LITERAL_CONVERSION = YES;
				CLANG_WARN_OBJC_ROOT_CLASS = YES_ERROR;
				CLANG_WARN_RANGE_LOOP_ANALYSIS = YES;
				CLANG_WARN_STRICT_PROTOTYPES = YES;
				CLANG_WARN_SUSPICIOUS_MOVE = YES;
				CLANG_WARN_UNGUARDED_AVAILABILITY = YES_AGGRESSIVE;
				CLANG_WARN_UNREACHABLE_CODE = YES;
				CLANG_WARN__DUPLICATE_METHOD_MATCH = YES;
				COPY_PHASE_STRIP = NO;
				DEBUG_INFORMATION_FORMAT = dwarf;
				ENABLE_STRICT_OBJC_MSGSEND = YES;
				ENABLE_TESTABILITY = YES;
				GCC_C_LANGUAGE_STANDARD = gnu11;
				GCC_DYNAMIC_NO_PIC = NO;
				GCC_NO_COMMON_BLOCKS = YES;
				GCC_OPTIMIZATION_LEVEL = 0;
				GCC_PREPROCESSOR_DEFINITIONS = (
					"DEBUG=1",
					"$(inherited)",
				);
				GCC_WARN_64_TO_32_BIT_CONVERSION = YES;
				GCC_WARN_ABOUT_RETURN_TYPE = YES_ERROR;
				GCC_WARN_UNDECLARED_SELECTOR = YES;
				GCC_WARN_UNINITIALIZED_AUTOS = YES_AGGRESSIVE;
				GCC_WARN_UNUSED_FUNCTION = YES;
				GCC_WARN_UNUSED_VARIABLE = YES;
				IPHONEOS_DEPLOYMENT_TARGET = 10.0;
				MTL_ENABLE_DEBUG_INFO = INCLUDE_SOURCE;
				MTL_FAST_MATH = YES;
				ONLY_ACTIVE_ARCH = YES;
				SDKROOT = iphoneos;
				SWIFT_ACTIVE_COMPILATION_CONDITIONS = DEBUG;
				SWIFT_OPTIMIZATION_LEVEL = "-Onone";
			};
			name = Debug;
		};
		B593741523D6B604001B24B8 /* Release */ = {
			isa = XCBuildConfiguration;
			buildSettings = {
				ALWAYS_SEARCH_USER_PATHS = NO;
				CLANG_ANALYZER_NONNULL = YES;
				CLANG_ANALYZER_NUMBER_OBJECT_CONVERSION = YES_AGGRESSIVE;
				CLANG_CXX_LANGUAGE_STANDARD = "gnu++14";
				CLANG_CXX_LIBRARY = "libc++";
				CLANG_ENABLE_MODULES = YES;
				CLANG_ENABLE_OBJC_ARC = YES;
				CLANG_ENABLE_OBJC_WEAK = YES;
				CLANG_WARN_BLOCK_CAPTURE_AUTORELEASING = YES;
				CLANG_WARN_BOOL_CONVERSION = YES;
				CLANG_WARN_COMMA = YES;
				CLANG_WARN_CONSTANT_CONVERSION = YES;
				CLANG_WARN_DEPRECATED_OBJC_IMPLEMENTATIONS = YES;
				CLANG_WARN_DIRECT_OBJC_ISA_USAGE = YES_ERROR;
				CLANG_WARN_DOCUMENTATION_COMMENTS = YES;
				CLANG_WARN_EMPTY_BODY = YES;
				CLANG_WARN_ENUM_CONVERSION = YES;
				CLANG_WARN_INFINITE_RECURSION = YES;
				CLANG_WARN_INT_CONVERSION = YES;
				CLANG_WARN_NON_LITERAL_NULL_CONVERSION = YES;
				CLANG_WARN_OBJC_IMPLICIT_RETAIN_SELF = YES;
				CLANG_WARN_OBJC_LITERAL_CONVERSION = YES;
				CLANG_WARN_OBJC_ROOT_CLASS = YES_ERROR;
				CLANG_WARN_RANGE_LOOP_ANALYSIS = YES;
				CLANG_WARN_STRICT_PROTOTYPES = YES;
				CLANG_WARN_SUSPICIOUS_MOVE = YES;
				CLANG_WARN_UNGUARDED_AVAILABILITY = YES_AGGRESSIVE;
				CLANG_WARN_UNREACHABLE_CODE = YES;
				CLANG_WARN__DUPLICATE_METHOD_MATCH = YES;
				COPY_PHASE_STRIP = NO;
				DEBUG_INFORMATION_FORMAT = "dwarf-with-dsym";
				ENABLE_NS_ASSERTIONS = NO;
				ENABLE_STRICT_OBJC_MSGSEND = YES;
				GCC_C_LANGUAGE_STANDARD = gnu11;
				GCC_NO_COMMON_BLOCKS = YES;
				GCC_WARN_64_TO_32_BIT_CONVERSION = YES;
				GCC_WARN_ABOUT_RETURN_TYPE = YES_ERROR;
				GCC_WARN_UNDECLARED_SELECTOR = YES;
				GCC_WARN_UNINITIALIZED_AUTOS = YES_AGGRESSIVE;
				GCC_WARN_UNUSED_FUNCTION = YES;
				GCC_WARN_UNUSED_VARIABLE = YES;
				IPHONEOS_DEPLOYMENT_TARGET = 10.0;
				MTL_ENABLE_DEBUG_INFO = NO;
				MTL_FAST_MATH = YES;
				SDKROOT = iphoneos;
				SWIFT_COMPILATION_MODE = wholemodule;
				SWIFT_OPTIMIZATION_LEVEL = "-O";
				VALIDATE_PRODUCT = YES;
			};
			name = Release;
		};
		B593741723D6B604001B24B8 /* Debug */ = {
			isa = XCBuildConfiguration;
			buildSettings = {
				ASSETCATALOG_COMPILER_APPICON_NAME = AppIcon;
				CODE_SIGN_STYLE = Automatic;
				INFOPLIST_FILE = testTableNew/Info.plist;
				IPHONEOS_DEPLOYMENT_TARGET = 10.0;
				LD_RUNPATH_SEARCH_PATHS = (
					"$(inherited)",
					"@executable_path/Frameworks",
				);
				PRODUCT_BUNDLE_IDENTIFIER = ARGroup.testTableNew;
				PRODUCT_NAME = "$(TARGET_NAME)";
				SWIFT_VERSION = 5.0;
				TARGETED_DEVICE_FAMILY = "1,2";
			};
			name = Debug;
		};
		B593741823D6B604001B24B8 /* Release */ = {
			isa = XCBuildConfiguration;
			buildSettings = {
				ASSETCATALOG_COMPILER_APPICON_NAME = AppIcon;
				CODE_SIGN_STYLE = Automatic;
				INFOPLIST_FILE = testTableNew/Info.plist;
				IPHONEOS_DEPLOYMENT_TARGET = 10.0;
				LD_RUNPATH_SEARCH_PATHS = (
					"$(inherited)",
					"@executable_path/Frameworks",
				);
				PRODUCT_BUNDLE_IDENTIFIER = ARGroup.testTableNew;
				PRODUCT_NAME = "$(TARGET_NAME)";
				SWIFT_VERSION = 5.0;
				TARGETED_DEVICE_FAMILY = "1,2";
			};
			name = Release;
		};
/* End XCBuildConfiguration section */

/* Begin XCConfigurationList section */
		B59373FD23D6B603001B24B8 /* Build configuration list for PBXProject "testTableNew" */ = {
			isa = XCConfigurationList;
			buildConfigurations = (
				B593741423D6B604001B24B8 /* Debug */,
				B593741523D6B604001B24B8 /* Release */,
			);
			defaultConfigurationIsVisible = 0;
			defaultConfigurationName = Release;
		};
		B593741623D6B604001B24B8 /* Build configuration list for PBXNativeTarget "testTableNew" */ = {
			isa = XCConfigurationList;
			buildConfigurations = (
				B593741723D6B604001B24B8 /* Debug */,
				B593741823D6B604001B24B8 /* Release */,
			);
			defaultConfigurationIsVisible = 0;
			defaultConfigurationName = Release;
		};
/* End XCConfigurationList section */
	};
	rootObject = B59373FA23D6B603001B24B8 /* Project object */;
}
